
Microsoft Visual Studio Solution File, Format Version 12.00
Project("{FAE04EC0-301F-11D3-BF4B-00C04F79EFBC}") = "Demo", "Demo\Demo.csproj", "{CFBE37BE-687E-43C9-BDB1-6152FB5A45A7}"
EndProject
Project("{FAE04EC0-301F-11D3-BF4B-00C04F79EFBC}") = "OpenSteer2", "OpenSteer2\OpenSteer2.csproj", "{53EE1DC1-4F36-48C5-A47B-491087B770AF}"
EndProject
Global
	GlobalSection(SolutionConfigurationPlatforms) = preSolution
		Debug|Any CPU = Debug|Any CPU
		Release|Any CPU = Release|Any CPU
	EndGlobalSection
	GlobalSection(ProjectConfigurationPlatforms) = postSolution
		{CFBE37BE-687E-43C9-BDB1-6152FB5A45A7}.Debug|Any CPU.ActiveCfg = Debug|Any CPU
		{CFBE37BE-687E-43C9-BDB1-6152FB5A45A7}.Debug|Any CPU.Build.0 = Debug|Any CPU
		{CFBE37BE-687E-43C9-BDB1-6152FB5A45A7}.Release|Any CPU.ActiveCfg = Release|Any CPU
		{CFBE37BE-687E-43C9-BDB1-6152FB5A45A7}.Release|Any CPU.Build.0 = Release|Any CPU
		{53EE1DC1-4F36-48C5-A47B-491087B770AF}.Debug|Any CPU.ActiveCfg = Debug|Any CPU
		{53EE1DC1-4F36-48C5-A47B-491087B770AF}.Debug|Any CPU.Build.0 = Debug|Any CPU
		{53EE1DC1-4F36-48C5-A47B-491087B770AF}.Release|Any CPU.ActiveCfg = Release|Any CPU
		{53EE1DC1-4F36-48C5-A47B-491087B770AF}.Release|Any CPU.Build.0 = Release|Any CPU
	EndGlobalSection
EndGlobal
